
Microsoft Visual Studio Solution File, Format Version 12.00
# Visual Studio Version 16
VisualStudioVersion = 16.0.29911.84
MinimumVisualStudioVersion = 10.0.40219.1
Project("{FAE04EC0-301F-11D3-BF4B-00C04F79EFBC}") = "BookClient.Android", "BookClient\BookClient.Android\BookClient.Android.csproj", "{3D79188A-5213-41B3-A673-515DCA3B6690}"
EndProject
Project("{FAE04EC0-301F-11D3-BF4B-00C04F79EFBC}") = "BookClient", "BookClient\BookClient\BookClient.csproj", "{4ADAA942-37BA-4501-B3A2-5894F6C08B82}"
EndProject
Global
	GlobalSection(SolutionConfigurationPlatforms) = preSolution
		Debug|Any CPU = Debug|Any CPU
		Release|Any CPU = Release|Any CPU
	EndGlobalSection
	GlobalSection(ProjectConfigurationPlatforms) = postSolution
		{3D79188A-5213-41B3-A673-515DCA3B6690}.Debug|Any CPU.ActiveCfg = Debug|Any CPU
		{3D79188A-5213-41B3-A673-515DCA3B6690}.Debug|Any CPU.Build.0 = Debug|Any CPU
		{3D79188A-5213-41B3-A673-515DCA3B6690}.Debug|Any CPU.Deploy.0 = Debug|Any CPU
		{3D79188A-5213-41B3-A673-515DCA3B6690}.Release|Any CPU.ActiveCfg = Release|Any CPU
		{3D79188A-5213-41B3-A673-515DCA3B6690}.Release|Any CPU.Build.0 = Release|Any CPU
		{3D79188A-5213-41B3-A673-515DCA3B6690}.Release|Any CPU.Deploy.0 = Release|Any CPU
		{4ADAA942-37BA-4501-B3A2-5894F6C08B82}.Debug|Any CPU.ActiveCfg = Debug|Any CPU
		{4ADAA942-37BA-4501-B3A2-5894F6C08B82}.Debug|Any CPU.Build.0 = Debug|Any CPU
		{4ADAA942-37BA-4501-B3A2-5894F6C08B82}.Debug|Any CPU.Deploy.0 = Debug|Any CPU
		{4ADAA942-37BA-4501-B3A2-5894F6C08B82}.Release|Any CPU.ActiveCfg = Release|Any CPU
		{4ADAA942-37BA-4501-B3A2-5894F6C08B82}.Release|Any CPU.Build.0 = Release|Any CPU
		{4ADAA942-37BA-4501-B3A2-5894F6C08B82}.Release|Any CPU.Deploy.0 = Release|Any CPU
	EndGlobalSection
	GlobalSection(SolutionProperties) = preSolution
		HideSolutionNode = FALSE
	EndGlobalSection
	GlobalSection(ExtensibilityGlobals) = postSolution
		SolutionGuid = {E2A33561-8D43-4A0E-BEDC-195236CD5896}
	EndGlobalSection
EndGlobal
